
Microsoft Visual Studio Solution File, Format Version 12.00
# Visual Studio 15
VisualStudioVersion = 15.0.27004.2005
MinimumVisualStudioVersion = 10.0.40219.1
Project("{FAE04EC0-301F-11D3-BF4B-00C04F79EFBC}") = "HerokuSample", "HerokuSample\HerokuSample.csproj", "{23DD3D5A-5007-403C-A255-BE8CF0C07F73}"
EndProject
Project("{E53339B2-1760-4266-BCC7-CA923CBCF16C}") = "docker-compose", "docker-compose.dcproj", "{96BE0D0F-78F5-4E24-86B1-1209E8D7BEA9}"
EndProject
Global
	GlobalSection(SolutionConfigurationPlatforms) = preSolution
		Debug|Any CPU = Debug|Any CPU
		Release|Any CPU = Release|Any CPU
	EndGlobalSection
	GlobalSection(ProjectConfigurationPlatforms) = postSolution
		{23DD3D5A-5007-403C-A255-BE8CF0C07F73}.Debug|Any CPU.ActiveCfg = Debug|Any CPU
		{23DD3D5A-5007-403C-A255-BE8CF0C07F73}.Debug|Any CPU.Build.0 = Debug|Any CPU
		{23DD3D5A-5007-403C-A255-BE8CF0C07F73}.Release|Any CPU.ActiveCfg = Release|Any CPU
		{23DD3D5A-5007-403C-A255-BE8CF0C07F73}.Release|Any CPU.Build.0 = Release|Any CPU
		{96BE0D0F-78F5-4E24-86B1-1209E8D7BEA9}.Debug|Any CPU.ActiveCfg = Debug|Any CPU
		{96BE0D0F-78F5-4E24-86B1-1209E8D7BEA9}.Debug|Any CPU.Build.0 = Debug|Any CPU
		{96BE0D0F-78F5-4E24-86B1-1209E8D7BEA9}.Release|Any CPU.ActiveCfg = Release|Any CPU
		{96BE0D0F-78F5-4E24-86B1-1209E8D7BEA9}.Release|Any CPU.Build.0 = Release|Any CPU
	EndGlobalSection
	GlobalSection(SolutionProperties) = preSolution
		HideSolutionNode = FALSE
	EndGlobalSection
	GlobalSection(ExtensibilityGlobals) = postSolution
		SolutionGuid = {5313761C-D1AD-44DD-9939-54F888D1FDE7}
	EndGlobalSection
EndGlobal
